
Microsoft Visual Studio Solution File, Format Version 12.00
# Visual Studio Version 16
VisualStudioVersion = 16.0.32802.440
MinimumVisualStudioVersion = 10.0.40219.1
Project("{FAE04EC0-301F-11D3-BF4B-00C04F79EFBC}") = "Fees Management", "Fees Management\Fees Management.csproj", "{8663C793-58AD-4933-BEB1-DC33CFBC88EC}"
EndProject
Global
	GlobalSection(SolutionConfigurationPlatforms) = preSolution
		Debug|Any CPU = Debug|Any CPU
		Release|Any CPU = Release|Any CPU
	EndGlobalSection
	GlobalSection(ProjectConfigurationPlatforms) = postSolution
		{8663C793-58AD-4933-BEB1-DC33CFBC88EC}.Debug|Any CPU.ActiveCfg = Debug|Any CPU
		{8663C793-58AD-4933-BEB1-DC33CFBC88EC}.Debug|Any CPU.Build.0 = Debug|Any CPU
		{8663C793-58AD-4933-BEB1-DC33CFBC88EC}.Release|Any CPU.ActiveCfg = Release|Any CPU
		{8663C793-58AD-4933-BEB1-DC33CFBC88EC}.Release|Any CPU.Build.0 = Release|Any CPU
	EndGlobalSection
	GlobalSection(SolutionProperties) = preSolution
		HideSolutionNode = FALSE
	EndGlobalSection
	GlobalSection(ExtensibilityGlobals) = postSolution
		SolutionGuid = {75ECABC9-FB20-4D39-8DCE-6AE1D76016D8}
	EndGlobalSection
EndGlobal
